
Microsoft Visual Studio Solution File, Format Version 12.00
# Visual Studio Version 16
VisualStudioVersion = 16.0.32407.337
MinimumVisualStudioVersion = 10.0.40219.1
Project("{FAE04EC0-301F-11D3-BF4B-00C04F79EFBC}") = "Inheritance", "Inheritance\Inheritance.csproj", "{0C08E8A6-85B7-4188-A495-1117D2D598D1}"
EndProject
Project("{FAE04EC0-301F-11D3-BF4B-00C04F79EFBC}") = "Remainings", "Remainings\Remainings.csproj", "{66364FB1-60B7-46BC-9F1C-D49D6AB600D6}"
EndProject
Project("{FAE04EC0-301F-11D3-BF4B-00C04F79EFBC}") = "ExtensionMethods", "ExtensionMethods\ExtensionMethods.csproj", "{C184E8F0-DBDC-4C8A-AFB1-97B29634ECB0}"
EndProject
Global
	GlobalSection(SolutionConfigurationPlatforms) = preSolution
		Debug|Any CPU = Debug|Any CPU
		Release|Any CPU = Release|Any CPU
	EndGlobalSection
	GlobalSection(ProjectConfigurationPlatforms) = postSolution
		{0C08E8A6-85B7-4188-A495-1117D2D598D1}.Debug|Any CPU.ActiveCfg = Debug|Any CPU
		{0C08E8A6-85B7-4188-A495-1117D2D598D1}.Debug|Any CPU.Build.0 = Debug|Any CPU
		{0C08E8A6-85B7-4188-A495-1117D2D598D1}.Release|Any CPU.ActiveCfg = Release|Any CPU
		{0C08E8A6-85B7-4188-A495-1117D2D598D1}.Release|Any CPU.Build.0 = Release|Any CPU
		{66364FB1-60B7-46BC-9F1C-D49D6AB600D6}.Debug|Any CPU.ActiveCfg = Debug|Any CPU
		{66364FB1-60B7-46BC-9F1C-D49D6AB600D6}.Debug|Any CPU.Build.0 = Debug|Any CPU
		{66364FB1-60B7-46BC-9F1C-D49D6AB600D6}.Release|Any CPU.ActiveCfg = Release|Any CPU
		{66364FB1-60B7-46BC-9F1C-D49D6AB600D6}.Release|Any CPU.Build.0 = Release|Any CPU
		{C184E8F0-DBDC-4C8A-AFB1-97B29634ECB0}.Debug|Any CPU.ActiveCfg = Debug|Any CPU
		{C184E8F0-DBDC-4C8A-AFB1-97B29634ECB0}.Debug|Any CPU.Build.0 = Debug|Any CPU
		{C184E8F0-DBDC-4C8A-AFB1-97B29634ECB0}.Release|Any CPU.ActiveCfg = Release|Any CPU
		{C184E8F0-DBDC-4C8A-AFB1-97B29634ECB0}.Release|Any CPU.Build.0 = Release|Any CPU
	EndGlobalSection
	GlobalSection(SolutionProperties) = preSolution
		HideSolutionNode = FALSE
	EndGlobalSection
	GlobalSection(ExtensibilityGlobals) = postSolution
		SolutionGuid = {9A8F05EF-CBF4-4BFF-AB52-E2A6D262EF84}
	EndGlobalSection
EndGlobal
